
Microsoft Visual Studio Solution File, Format Version 12.00
# Visual Studio Version 16
VisualStudioVersion = 16.0.31424.327
MinimumVisualStudioVersion = 10.0.40219.1
Project("{FAE04EC0-301F-11D3-BF4B-00C04F79EFBC}") = "accAfpslaiEmvLogIn", "accAfpslaiEmvLogIn\accAfpslaiEmvLogIn.csproj", "{2DF46898-1D29-48A3-B3BD-CEB9404F4296}"
EndProject
Global
	GlobalSection(SolutionConfigurationPlatforms) = preSolution
		Debug|Any CPU = Debug|Any CPU
		Release|Any CPU = Release|Any CPU
	EndGlobalSection
	GlobalSection(ProjectConfigurationPlatforms) = postSolution
		{2DF46898-1D29-48A3-B3BD-CEB9404F4296}.Debug|Any CPU.ActiveCfg = Debug|Any CPU
		{2DF46898-1D29-48A3-B3BD-CEB9404F4296}.Debug|Any CPU.Build.0 = Debug|Any CPU
		{2DF46898-1D29-48A3-B3BD-CEB9404F4296}.Release|Any CPU.ActiveCfg = Release|Any CPU
		{2DF46898-1D29-48A3-B3BD-CEB9404F4296}.Release|Any CPU.Build.0 = Release|Any CPU
	EndGlobalSection
	GlobalSection(SolutionProperties) = preSolution
		HideSolutionNode = FALSE
	EndGlobalSection
	GlobalSection(ExtensibilityGlobals) = postSolution
		SolutionGuid = {D1ACD42F-6966-4713-8F8A-CF5393035B38}
	EndGlobalSection
EndGlobal
